
Microsoft Visual Studio Solution File, Format Version 12.00
# Visual Studio Version 17
VisualStudioVersion = 17.9.34622.214
MinimumVisualStudioVersion = 10.0.40219.1
Project("{FAE04EC0-301F-11D3-BF4B-00C04F79EFBC}") = "Parking-System-Simulator", "Parking-System-Simulator\Parking-System-Simulator.csproj", "{0DF3DB17-808A-408D-AFDD-97892F0EA2CE}"
EndProject
Global
	GlobalSection(SolutionConfigurationPlatforms) = preSolution
		Debug|Any CPU = Debug|Any CPU
		Release|Any CPU = Release|Any CPU
	EndGlobalSection
	GlobalSection(ProjectConfigurationPlatforms) = postSolution
		{0DF3DB17-808A-408D-AFDD-97892F0EA2CE}.Debug|Any CPU.ActiveCfg = Debug|Any CPU
		{0DF3DB17-808A-408D-AFDD-97892F0EA2CE}.Debug|Any CPU.Build.0 = Debug|Any CPU
		{0DF3DB17-808A-408D-AFDD-97892F0EA2CE}.Release|Any CPU.ActiveCfg = Release|Any CPU
		{0DF3DB17-808A-408D-AFDD-97892F0EA2CE}.Release|Any CPU.Build.0 = Release|Any CPU
	EndGlobalSection
	GlobalSection(SolutionProperties) = preSolution
		HideSolutionNode = FALSE
	EndGlobalSection
	GlobalSection(ExtensibilityGlobals) = postSolution
		SolutionGuid = {4EC9243B-4921-4D44-B8A7-3B01D2BEC751}
	EndGlobalSection
EndGlobal
